// !$*UTF8*$!
{
	archiveVersion = 1;
	classes = {
	};
	objectVersion = 50;
	objects = {

/* Begin PBXBuildFile section */
		FBB7352123BCA3CD0076B1CE /* AppDelegate.swift in Sources */ = {isa = PBXBuildFile; fileRef = FBB7352023BCA3CD0076B1CE /* AppDelegate.swift */; };
		FBB7352323BCA3CD0076B1CE /* ViewController.swift in Sources */ = {isa = PBXBuildFile; fileRef = FBB7352223BCA3CD0076B1CE /* ViewController.swift */; };
		FBB7352623BCA3CD0076B1CE /* Main.storyboard in Resources */ = {isa = PBXBuildFile; fileRef = FBB7352423BCA3CD0076B1CE /* Main.storyboard */; };
		FBB7352923BCA3CD0076B1CE /* DataBaseStorage.xcdatamodeld in Sources */ = {isa = PBXBuildFile; fileRef = FBB7352723BCA3CD0076B1CE /* DataBaseStorage.xcdatamodeld */; };
		FBB7352B23BCA3CE0076B1CE /* Assets.xcassets in Resources */ = {isa = PBXBuildFile; fileRef = FBB7352A23BCA3CE0076B1CE /* Assets.xcassets */; };
		FBB7352E23BCA3CE0076B1CE /* LaunchScreen.storyboard in Resources */ = {isa = PBXBuildFile; fileRef = FBB7352C23BCA3CE0076B1CE /* LaunchScreen.storyboard */; };
		FBB7353823BCA4320076B1CE /* DatabaseHelper.swift in Sources */ = {isa = PBXBuildFile; fileRef = FBB7353723BCA4320076B1CE /* DatabaseHelper.swift */; };
		FBB7353A23BCA7D90076B1CE /* AddUpdateViewController.swift in Sources */ = {isa = PBXBuildFile; fileRef = FBB7353923BCA7D90076B1CE /* AddUpdateViewController.swift */; };
		FBB7354023BCA89A0076B1CE /* Profile.swift in Sources */ = {isa = PBXBuildFile; fileRef = FBB7353F23BCA89A0076B1CE /* Profile.swift */; };
/* End PBXBuildFile section */

/* Begin PBXFileReference section */
		FBB7351D23BCA3CD0076B1CE /* DataBaseStorage.app */ = {isa = PBXFileReference; explicitFileType = wrapper.application; includeInIndex = 0; path = DataBaseStorage.app; sourceTree = BUILT_PRODUCTS_DIR; };
		FBB7352023BCA3CD0076B1CE /* AppDelegate.swift */ = {isa = PBXFileReference; lastKnownFileType = sourcecode.swift; path = AppDelegate.swift; sourceTree = "<group>"; };
		FBB7352223BCA3CD0076B1CE /* ViewController.swift */ = {isa = PBXFileReference; lastKnownFileType = sourcecode.swift; path = ViewController.swift; sourceTree = "<group>"; };
		FBB7352523BCA3CD0076B1CE /* Base */ = {isa = PBXFileReference; lastKnownFileType = file.storyboard; name = Base; path = Base.lproj/Main.storyboard; sourceTree = "<group>"; };
		FBB7352823BCA3CD0076B1CE /* DataBaseStorage.xcdatamodel */ = {isa = PBXFileReference; lastKnownFileType = wrapper.xcdatamodel; path = DataBaseStorage.xcdatamodel; sourceTree = "<group>"; };
		FBB7352A23BCA3CE0076B1CE /* Assets.xcassets */ = {isa = PBXFileReference; lastKnownFileType = folder.assetcatalog; path = Assets.xcassets; sourceTree = "<group>"; };
		FBB7352D23BCA3CE0076B1CE /* Base */ = {isa = PBXFileReference; lastKnownFileType = file.storyboard; name = Base; path = Base.lproj/LaunchScreen.storyboard; sourceTree = "<group>"; };
		FBB7352F23BCA3CE0076B1CE /* Info.plist */ = {isa = PBXFileReference; lastKnownFileType = text.plist.xml; path = Info.plist; sourceTree = "<group>"; };
		FBB7353723BCA4320076B1CE /* DatabaseHelper.swift */ = {isa = PBXFileReference; fileEncoding = 4; lastKnownFileType = sourcecode.swift; path = DatabaseHelper.swift; sourceTree = "<group>"; };
		FBB7353923BCA7D90076B1CE /* AddUpdateViewController.swift */ = {isa = PBXFileReference; lastKnownFileType = sourcecode.swift; path = AddUpdateViewController.swift; sourceTree = "<group>"; };
		FBB7353F23BCA89A0076B1CE /* Profile.swift */ = {isa = PBXFileReference; lastKnownFileType = sourcecode.swift; path = Profile.swift; sourceTree = "<group>"; };
/* End PBXFileReference section */

/* Begin PBXFrameworksBuildPhase section */
		FBB7351A23BCA3CD0076B1CE /* Frameworks */ = {
			isa = PBXFrameworksBuildPhase;
			buildActionMask = 2147483647;
			files = (
			);
			runOnlyForDeploymentPostprocessing = 0;
		};
/* End PBXFrameworksBuildPhase section */

/* Begin PBXGroup section */
		FBB7351423BCA3CD0076B1CE = {
			isa = PBXGroup;
			children = (
				FBB7351F23BCA3CD0076B1CE /* DataBaseStorage */,
				FBB7351E23BCA3CD0076B1CE /* Products */,
			);
			sourceTree = "<group>";
		};
		FBB7351E23BCA3CD0076B1CE /* Products */ = {
			isa = PBXGroup;
			children = (
				FBB7351D23BCA3CD0076B1CE /* DataBaseStorage.app */,
			);
			name = Products;
			sourceTree = "<group>";
		};
		FBB7351F23BCA3CD0076B1CE /* DataBaseStorage */ = {
			isa = PBXGroup;
			children = (
				FBB7353623BCA4010076B1CE /* Helper */,
				FBB7352023BCA3CD0076B1CE /* AppDelegate.swift */,
				FBB7352223BCA3CD0076B1CE /* ViewController.swift */,
				FBB7353923BCA7D90076B1CE /* AddUpdateViewController.swift */,
				FBB7352423BCA3CD0076B1CE /* Main.storyboard */,
				FBB7352A23BCA3CE0076B1CE /* Assets.xcassets */,
				FBB7352C23BCA3CE0076B1CE /* LaunchScreen.storyboard */,
				FBB7352F23BCA3CE0076B1CE /* Info.plist */,
				FBB7352723BCA3CD0076B1CE /* DataBaseStorage.xcdatamodeld */,
			);
			path = DataBaseStorage;
			sourceTree = "<group>";
		};
		FBB7353623BCA4010076B1CE /* Helper */ = {
			isa = PBXGroup;
			children = (
				FBB7353723BCA4320076B1CE /* DatabaseHelper.swift */,
				FBB7353F23BCA89A0076B1CE /* Profile.swift */,
			);
			path = Helper;
			sourceTree = "<group>";
		};
/* End PBXGroup section */

/* Begin PBXNativeTarget section */
		FBB7351C23BCA3CD0076B1CE /* DataBaseStorage */ = {
			isa = PBXNativeTarget;
			buildConfigurationList = FBB7353223BCA3CE0076B1CE /* Build configuration list for PBXNativeTarget "DataBaseStorage" */;
			buildPhases = (
				FBB7351923BCA3CD0076B1CE /* Sources */,
				FBB7351A23BCA3CD0076B1CE /* Frameworks */,
				FBB7351B23BCA3CD0076B1CE /* Resources */,
			);
			buildRules = (
			);
			dependencies = (
			);
			name = DataBaseStorage;
			productName = DataBaseStorage;
			productReference = FBB7351D23BCA3CD0076B1CE /* DataBaseStorage.app */;
			productType = "com.apple.product-type.application";
		};
/* End PBXNativeTarget section */

/* Begin PBXProject section */
		FBB7351523BCA3CD0076B1CE /* Project object */ = {
			isa = PBXProject;
			attributes = {
				LastSwiftUpdateCheck = 1030;
				LastUpgradeCheck = 1030;
				ORGANIZATIONNAME = "Ali Raza";
				TargetAttributes = {
					FBB7351C23BCA3CD0076B1CE = {
						CreatedOnToolsVersion = 10.3;
					};
				};
			};
			buildConfigurationList = FBB7351823BCA3CD0076B1CE /* Build configuration list for PBXProject "DataBaseStorage" */;
			compatibilityVersion = "Xcode 9.3";
			developmentRegion = en;
			hasScannedForEncodings = 0;
			knownRegions = (
				en,
				Base,
			);
			mainGroup = FBB7351423BCA3CD0076B1CE;
			productRefGroup = FBB7351E23BCA3CD0076B1CE /* Products */;
			projectDirPath = "";
			projectRoot = "";
			targets = (
				FBB7351C23BCA3CD0076B1CE /* DataBaseStorage */,
			);
		};
/* End PBXProject section */

/* Begin PBXResourcesBuildPhase section */
		FBB7351B23BCA3CD0076B1CE /* Resources */ = {
			isa = PBXResourcesBuildPhase;
			buildActionMask = 2147483647;
			files = (
				FBB7352E23BCA3CE0076B1CE /* LaunchScreen.storyboard in Resources */,
				FBB7352B23BCA3CE0076B1CE /* Assets.xcassets in Resources */,
				FBB7352623BCA3CD0076B1CE /* Main.storyboard in Resources */,
			);
			runOnlyForDeploymentPostprocessing = 0;
		};
/* End PBXResourcesBuildPhase section */

/* Begin PBXSourcesBuildPhase section */
		FBB7351923BCA3CD0076B1CE /* Sources */ = {
			isa = PBXSourcesBuildPhase;
			buildActionMask = 2147483647;
			files = (
				FBB7353823BCA4320076B1CE /* DatabaseHelper.swift in Sources */,
				FBB7354023BCA89A0076B1CE /* Profile.swift in Sources */,
				FBB7352323BCA3CD0076B1CE /* ViewController.swift in Sources */,
				FBB7352923BCA3CD0076B1CE /* DataBaseStorage.xcdatamodeld in Sources */,
				FBB7352123BCA3CD0076B1CE /* AppDelegate.swift in Sources */,
				FBB7353A23BCA7D90076B1CE /* AddUpdateViewController.swift in Sources */,
			);
			runOnlyForDeploymentPostprocessing = 0;
		};
/* End PBXSourcesBuildPhase section */

/* Begin PBXVariantGroup section */
		FBB7352423BCA3CD0076B1CE /* Main.storyboard */ = {
			isa = PBXVariantGroup;
			children = (
				FBB7352523BCA3CD0076B1CE /* Base */,
			);
			name = Main.storyboard;
			sourceTree = "<group>";
		};
		FBB7352C23BCA3CE0076B1CE /* LaunchScreen.storyboard */ = {
			isa = PBXVariantGroup;
			children = (
				FBB7352D23BCA3CE0076B1CE /* Base */,
			);
			name = LaunchScreen.storyboard;
			sourceTree = "<group>";
		};
/* End PBXVariantGroup section */

/* Begin XCBuildConfiguration section */
		FBB7353023BCA3CE0076B1CE /* Debug */ = {
			isa = XCBuildConfiguration;
			buildSettings = {
				ALWAYS_SEARCH_USER_PATHS = NO;
				CLANG_ANALYZER_NONNULL = YES;
				CLANG_ANALYZER_NUMBER_OBJECT_CONVERSION = YES_AGGRESSIVE;
				CLANG_CXX_LANGUAGE_STANDARD = "gnu++14";
				CLANG_CXX_LIBRARY = "libc++";
				CLANG_ENABLE_MODULES = YES;
				CLANG_ENABLE_OBJC_ARC = YES;
				CLANG_ENABLE_OBJC_WEAK = YES;
				CLANG_WARN_BLOCK_CAPTURE_AUTORELEASING = YES;
				CLANG_WARN_BOOL_CONVERSION = YES;
				CLANG_WARN_COMMA = YES;
				CLANG_WARN_CONSTANT_CONVERSION = YES;
				CLANG_WARN_DEPRECATED_OBJC_IMPLEMENTATIONS = YES;
				CLANG_WARN_DIRECT_OBJC_ISA_USAGE = YES_ERROR;
				CLANG_WARN_DOCUMENTATION_COMMENTS = YES;
				CLANG_WARN_EMPTY_BODY = YES;
				CLANG_WARN_ENUM_CONVERSION = YES;
				CLANG_WARN_INFINITE_RECURSION = YES;
				CLANG_WARN_INT_CONVERSION = YES;
				CLANG_WARN_NON_LITERAL_NULL_CONVERSION = YES;
				CLANG_WARN_OBJC_IMPLICIT_RETAIN_SELF = YES;
				CLANG_WARN_OBJC_LITERAL_CONVERSION = YES;
				CLANG_WARN_OBJC_ROOT_CLASS = YES_ERROR;
				CLANG_WARN_RANGE_LOOP_ANALYSIS = YES;
				CLANG_WARN_STRICT_PROTOTYPES = YES;
				CLANG_WARN_SUSPICIOUS_MOVE = YES;
				CLANG_WARN_UNGUARDED_AVAILABILITY = YES_AGGRESSIVE;
				CLANG_WARN_UNREACHABLE_CODE = YES;
				CLANG_WARN__DUPLICATE_METHOD_MATCH = YES;
				CODE_SIGN_IDENTITY = "iPhone Developer";
				COPY_PHASE_STRIP = NO;
				DEBUG_INFORMATION_FORMAT = dwarf;
				ENABLE_STRICT_OBJC_MSGSEND = YES;
				ENABLE_TESTABILITY = YES;
				GCC_C_LANGUAGE_STANDARD = gnu11;
				GCC_DYNAMIC_NO_PIC = NO;
				GCC_NO_COMMON_BLOCKS = YES;
				GCC_OPTIMIZATION_LEVEL = 0;
				GCC_PREPROCESSOR_DEFINITIONS = (
					"DEBUG=1",
					"$(inherited)",
				);
				GCC_WARN_64_TO_32_BIT_CONVERSION = YES;
				GCC_WARN_ABOUT_RETURN_TYPE = YES_ERROR;
				GCC_WARN_UNDECLARED_SELECTOR = YES;
				GCC_WARN_UNINITIALIZED_AUTOS = YES_AGGRESSIVE;
				GCC_WARN_UNUSED_FUNCTION = YES;
				GCC_WARN_UNUSED_VARIABLE = YES;
				IPHONEOS_DEPLOYMENT_TARGET = 12.4;
				MTL_ENABLE_DEBUG_INFO = INCLUDE_SOURCE;
				MTL_FAST_MATH = YES;
				ONLY_ACTIVE_ARCH = YES;
				SDKROOT = iphoneos;
				SWIFT_ACTIVE_COMPILATION_CONDITIONS = DEBUG;
				SWIFT_OPTIMIZATION_LEVEL = "-Onone";
			};
			name = Debug;
		};
		FBB7353123BCA3CE0076B1CE /* Release */ = {
			isa = XCBuildConfiguration;
			buildSettings = {
				ALWAYS_SEARCH_USER_PATHS = NO;
				CLANG_ANALYZER_NONNULL = YES;
				CLANG_ANALYZER_NUMBER_OBJECT_CONVERSION = YES_AGGRESSIVE;
				CLANG_CXX_LANGUAGE_STANDARD = "gnu++14";
				CLANG_CXX_LIBRARY = "libc++";
				CLANG_ENABLE_MODULES = YES;
				CLANG_ENABLE_OBJC_ARC = YES;
				CLANG_ENABLE_OBJC_WEAK = YES;
				CLANG_WARN_BLOCK_CAPTURE_AUTORELEASING = YES;
				CLANG_WARN_BOOL_CONVERSION = YES;
				CLANG_WARN_COMMA = YES;
				CLANG_WARN_CONSTANT_CONVERSION = YES;
				CLANG_WARN_DEPRECATED_OBJC_IMPLEMENTATIONS = YES;
				CLANG_WARN_DIRECT_OBJC_ISA_USAGE = YES_ERROR;
				CLANG_WARN_DOCUMENTATION_COMMENTS = YES;
				CLANG_WARN_EMPTY_BODY = YES;
				CLANG_WARN_ENUM_CONVERSION = YES;
				CLANG_WARN_INFINITE_RECURSION = YES;
				CLANG_WARN_INT_CONVERSION = YES;
				CLANG_WARN_NON_LITERAL_NULL_CONVERSION = YES;
				CLANG_WARN_OBJC_IMPLICIT_RETAIN_SELF = YES;
				CLANG_WARN_OBJC_LITERAL_CONVERSION = YES;
				CLANG_WARN_OBJC_ROOT_CLASS = YES_ERROR;
				CLANG_WARN_RANGE_LOOP_ANALYSIS = YES;
				CLANG_WARN_STRICT_PROTOTYPES = YES;
				CLANG_WARN_SUSPICIOUS_MOVE = YES;
				CLANG_WARN_UNGUARDED_AVAILABILITY = YES_AGGRESSIVE;
				CLANG_WARN_UNREACHABLE_CODE = YES;
				CLANG_WARN__DUPLICATE_METHOD_MATCH = YES;
				CODE_SIGN_IDENTITY = "iPhone Developer";
				COPY_PHASE_STRIP = NO;
				DEBUG_INFORMATION_FORMAT = "dwarf-with-dsym";
				ENABLE_NS_ASSERTIONS = NO;
				ENABLE_STRICT_OBJC_MSGSEND = YES;
				GCC_C_LANGUAGE_STANDARD = gnu11;
				GCC_NO_COMMON_BLOCKS = YES;
				GCC_WARN_64_TO_32_BIT_CONVERSION = YES;
				GCC_WARN_ABOUT_RETURN_TYPE = YES_ERROR;
				GCC_WARN_UNDECLARED_SELECTOR = YES;
				GCC_WARN_UNINITIALIZED_AUTOS = YES_AGGRESSIVE;
				GCC_WARN_UNUSED_FUNCTION = YES;
				GCC_WARN_UNUSED_VARIABLE = YES;
				IPHONEOS_DEPLOYMENT_TARGET = 12.4;
				MTL_ENABLE_DEBUG_INFO = NO;
				MTL_FAST_MATH = YES;
				SDKROOT = iphoneos;
				SWIFT_COMPILATION_MODE = wholemodule;
				SWIFT_OPTIMIZATION_LEVEL = "-O";
				VALIDATE_PRODUCT = YES;
			};
			name = Release;
		};
		FBB7353323BCA3CE0076B1CE /* Debug */ = {
			isa = XCBuildConfiguration;
			buildSettings = {
				ASSETCATALOG_COMPILER_APPICON_NAME = AppIcon;
				CODE_SIGN_STYLE = Automatic;
				INFOPLIST_FILE = DataBaseStorage/Info.plist;
				LD_RUNPATH_SEARCH_PATHS = (
					"$(inherited)",
					"@executable_path/Frameworks",
				);
				PRODUCT_BUNDLE_IDENTIFIER = sigmatect.DataBaseStorage;
				PRODUCT_NAME = "$(TARGET_NAME)";
				SWIFT_VERSION = 5.0;
				TARGETED_DEVICE_FAMILY = "1,2";
			};
			name = Debug;
		};
		FBB7353423BCA3CE0076B1CE /* Release */ = {
			isa = XCBuildConfiguration;
			buildSettings = {
				ASSETCATALOG_COMPILER_APPICON_NAME = AppIcon;
				CODE_SIGN_STYLE = Automatic;
				INFOPLIST_FILE = DataBaseStorage/Info.plist;
				LD_RUNPATH_SEARCH_PATHS = (
					"$(inherited)",
					"@executable_path/Frameworks",
				);
				PRODUCT_BUNDLE_IDENTIFIER = sigmatect.DataBaseStorage;
				PRODUCT_NAME = "$(TARGET_NAME)";
				SWIFT_VERSION = 5.0;
				TARGETED_DEVICE_FAMILY = "1,2";
			};
			name = Release;
		};
/* End XCBuildConfiguration section */

/* Begin XCConfigurationList section */
		FBB7351823BCA3CD0076B1CE /* Build configuration list for PBXProject "DataBaseStorage" */ = {
			isa = XCConfigurationList;
			buildConfigurations = (
				FBB7353023BCA3CE0076B1CE /* Debug */,
				FBB7353123BCA3CE0076B1CE /* Release */,
			);
			defaultConfigurationIsVisible = 0;
			defaultConfigurationName = Release;
		};
		FBB7353223BCA3CE0076B1CE /* Build configuration list for PBXNativeTarget "DataBaseStorage" */ = {
			isa = XCConfigurationList;
			buildConfigurations = (
				FBB7353323BCA3CE0076B1CE /* Debug */,
				FBB7353423BCA3CE0076B1CE /* Release */,
			);
			defaultConfigurationIsVisible = 0;
			defaultConfigurationName = Release;
		};
/* End XCConfigurationList section */

/* Begin XCVersionGroup section */
		FBB7352723BCA3CD0076B1CE /* DataBaseStorage.xcdatamodeld */ = {
			isa = XCVersionGroup;
			children = (
				FBB7352823BCA3CD0076B1CE /* DataBaseStorage.xcdatamodel */,
			);
			currentVersion = FBB7352823BCA3CD0076B1CE /* DataBaseStorage.xcdatamodel */;
			path = DataBaseStorage.xcdatamodeld;
			sourceTree = "<group>";
			versionGroupType = wrapper.xcdatamodel;
		};
/* End XCVersionGroup section */
	};
	rootObject = FBB7351523BCA3CD0076B1CE /* Project object */;
}
